// !$*UTF8*$!
{
	archiveVersion = 1;
	classes = {
	};
	objectVersion = 46;
	objects = {

/* Begin PBXBuildFile section */
		B289405B1D5D08FC0001D6DD /* AppDelegate.swift in Sources */ = {isa = PBXBuildFile; fileRef = B289405A1D5D08FC0001D6DD /* AppDelegate.swift */; };
		B289405D1D5D08FC0001D6DD /* ViewController.swift in Sources */ = {isa = PBXBuildFile; fileRef = B289405C1D5D08FC0001D6DD /* ViewController.swift */; };
		B28940601D5D08FC0001D6DD /* Main.storyboard in Resources */ = {isa = PBXBuildFile; fileRef = B289405E1D5D08FC0001D6DD /* Main.storyboard */; };
		B28940621D5D08FC0001D6DD /* Assets.xcassets in Resources */ = {isa = PBXBuildFile; fileRef = B28940611D5D08FC0001D6DD /* Assets.xcassets */; };
		B28940651D5D08FC0001D6DD /* LaunchScreen.storyboard in Resources */ = {isa = PBXBuildFile; fileRef = B28940631D5D08FC0001D6DD /* LaunchScreen.storyboard */; };
		B28940701D5D08FD0001D6DD /* FoodTrackerTests.swift in Sources */ = {isa = PBXBuildFile; fileRef = B289406F1D5D08FD0001D6DD /* FoodTrackerTests.swift */; };
/* End PBXBuildFile section */

/* Begin PBXContainerItemProxy section */
		B289406C1D5D08FD0001D6DD /* PBXContainerItemProxy */ = {
			isa = PBXContainerItemProxy;
			containerPortal = B289404F1D5D08FC0001D6DD /* Project object */;
			proxyType = 1;
			remoteGlobalIDString = B28940561D5D08FC0001D6DD;
			remoteInfo = FoodTracker;
		};
/* End PBXContainerItemProxy section */

/* Begin PBXFileReference section */
		B28940571D5D08FC0001D6DD /* FoodTracker.app */ = {isa = PBXFileReference; explicitFileType = wrapper.application; includeInIndex = 0; path = FoodTracker.app; sourceTree = BUILT_PRODUCTS_DIR; };
		B289405A1D5D08FC0001D6DD /* AppDelegate.swift */ = {isa = PBXFileReference; lastKnownFileType = sourcecode.swift; path = AppDelegate.swift; sourceTree = "<group>"; };
		B289405C1D5D08FC0001D6DD /* ViewController.swift */ = {isa = PBXFileReference; lastKnownFileType = sourcecode.swift; path = ViewController.swift; sourceTree = "<group>"; };
		B289405F1D5D08FC0001D6DD /* Base */ = {isa = PBXFileReference; lastKnownFileType = file.storyboard; name = Base; path = Base.lproj/Main.storyboard; sourceTree = "<group>"; };
		B28940611D5D08FC0001D6DD /* Assets.xcassets */ = {isa = PBXFileReference; lastKnownFileType = folder.assetcatalog; path = Assets.xcassets; sourceTree = "<group>"; };
		B28940641D5D08FC0001D6DD /* Base */ = {isa = PBXFileReference; lastKnownFileType = file.storyboard; name = Base; path = Base.lproj/LaunchScreen.storyboard; sourceTree = "<group>"; };
		B28940661D5D08FC0001D6DD /* Info.plist */ = {isa = PBXFileReference; lastKnownFileType = text.plist.xml; path = Info.plist; sourceTree = "<group>"; };
		B289406B1D5D08FD0001D6DD /* FoodTrackerTests.xctest */ = {isa = PBXFileReference; explicitFileType = wrapper.cfbundle; includeInIndex = 0; path = FoodTrackerTests.xctest; sourceTree = BUILT_PRODUCTS_DIR; };
		B289406F1D5D08FD0001D6DD /* FoodTrackerTests.swift */ = {isa = PBXFileReference; lastKnownFileType = sourcecode.swift; path = FoodTrackerTests.swift; sourceTree = "<group>"; };
		B28940711D5D08FD0001D6DD /* Info.plist */ = {isa = PBXFileReference; lastKnownFileType = text.plist.xml; path = Info.plist; sourceTree = "<group>"; };
/* End PBXFileReference section */

/* Begin PBXFrameworksBuildPhase section */
		B28940541D5D08FC0001D6DD /* Frameworks */ = {
			isa = PBXFrameworksBuildPhase;
			buildActionMask = 2147483647;
			files = (
			);
			runOnlyForDeploymentPostprocessing = 0;
		};
		B28940681D5D08FD0001D6DD /* Frameworks */ = {
			isa = PBXFrameworksBuildPhase;
			buildActionMask = 2147483647;
			files = (
			);
			runOnlyForDeploymentPostprocessing = 0;
		};
/* End PBXFrameworksBuildPhase section */

/* Begin PBXGroup section */
		B289404E1D5D08FC0001D6DD = {
			isa = PBXGroup;
			children = (
				B28940591D5D08FC0001D6DD /* FoodTracker */,
				B289406E1D5D08FD0001D6DD /* FoodTrackerTests */,
				B28940581D5D08FC0001D6DD /* Products */,
			);
			sourceTree = "<group>";
		};
		B28940581D5D08FC0001D6DD /* Products */ = {
			isa = PBXGroup;
			children = (
				B28940571D5D08FC0001D6DD /* FoodTracker.app */,
				B289406B1D5D08FD0001D6DD /* FoodTrackerTests.xctest */,
			);
			name = Products;
			sourceTree = "<group>";
		};
		B28940591D5D08FC0001D6DD /* FoodTracker */ = {
			isa = PBXGroup;
			children = (
				B289405A1D5D08FC0001D6DD /* AppDelegate.swift */,
				B289405C1D5D08FC0001D6DD /* ViewController.swift */,
				B289405E1D5D08FC0001D6DD /* Main.storyboard */,
				B28940611D5D08FC0001D6DD /* Assets.xcassets */,
				B28940631D5D08FC0001D6DD /* LaunchScreen.storyboard */,
				B28940661D5D08FC0001D6DD /* Info.plist */,
			);
			path = FoodTracker;
			sourceTree = "<group>";
		};
		B289406E1D5D08FD0001D6DD /* FoodTrackerTests */ = {
			isa = PBXGroup;
			children = (
				B289406F1D5D08FD0001D6DD /* FoodTrackerTests.swift */,
				B28940711D5D08FD0001D6DD /* Info.plist */,
			);
			path = FoodTrackerTests;
			sourceTree = "<group>";
		};
/* End PBXGroup section */

/* Begin PBXNativeTarget section */
		B28940561D5D08FC0001D6DD /* FoodTracker */ = {
			isa = PBXNativeTarget;
			buildConfigurationList = B28940741D5D08FD0001D6DD /* Build configuration list for PBXNativeTarget "FoodTracker" */;
			buildPhases = (
				B28940531D5D08FC0001D6DD /* Sources */,
				B28940541D5D08FC0001D6DD /* Frameworks */,
				B28940551D5D08FC0001D6DD /* Resources */,
			);
			buildRules = (
			);
			dependencies = (
			);
			name = FoodTracker;
			productName = FoodTracker;
			productReference = B28940571D5D08FC0001D6DD /* FoodTracker.app */;
			productType = "com.apple.product-type.application";
		};
		B289406A1D5D08FD0001D6DD /* FoodTrackerTests */ = {
			isa = PBXNativeTarget;
			buildConfigurationList = B28940771D5D08FD0001D6DD /* Build configuration list for PBXNativeTarget "FoodTrackerTests" */;
			buildPhases = (
				B28940671D5D08FD0001D6DD /* Sources */,
				B28940681D5D08FD0001D6DD /* Frameworks */,
				B28940691D5D08FD0001D6DD /* Resources */,
			);
			buildRules = (
			);
			dependencies = (
				B289406D1D5D08FD0001D6DD /* PBXTargetDependency */,
			);
			name = FoodTrackerTests;
			productName = FoodTrackerTests;
			productReference = B289406B1D5D08FD0001D6DD /* FoodTrackerTests.xctest */;
			productType = "com.apple.product-type.bundle.unit-test";
		};
/* End PBXNativeTarget section */

/* Begin PBXProject section */
		B289404F1D5D08FC0001D6DD /* Project object */ = {
			isa = PBXProject;
			attributes = {
				LastSwiftUpdateCheck = 0730;
				LastUpgradeCheck = 0730;
				ORGANIZATIONNAME = "Łukasz Marczak";
				TargetAttributes = {
					B28940561D5D08FC0001D6DD = {
						CreatedOnToolsVersion = 7.3.1;
					};
					B289406A1D5D08FD0001D6DD = {
						CreatedOnToolsVersion = 7.3.1;
						TestTargetID = B28940561D5D08FC0001D6DD;
					};
				};
			};
			buildConfigurationList = B28940521D5D08FC0001D6DD /* Build configuration list for PBXProject "FoodTracker" */;
			compatibilityVersion = "Xcode 3.2";
			developmentRegion = English;
			hasScannedForEncodings = 0;
			knownRegions = (
				en,
				Base,
			);
			mainGroup = B289404E1D5D08FC0001D6DD;
			productRefGroup = B28940581D5D08FC0001D6DD /* Products */;
			projectDirPath = "";
			projectRoot = "";
			targets = (
				B28940561D5D08FC0001D6DD /* FoodTracker */,
				B289406A1D5D08FD0001D6DD /* FoodTrackerTests */,
			);
		};
/* End PBXProject section */

/* Begin PBXResourcesBuildPhase section */
		B28940551D5D08FC0001D6DD /* Resources */ = {
			isa = PBXResourcesBuildPhase;
			buildActionMask = 2147483647;
			files = (
				B28940651D5D08FC0001D6DD /* LaunchScreen.storyboard in Resources */,
				B28940621D5D08FC0001D6DD /* Assets.xcassets in Resources */,
				B28940601D5D08FC0001D6DD /* Main.storyboard in Resources */,
			);
			runOnlyForDeploymentPostprocessing = 0;
		};
		B28940691D5D08FD0001D6DD /* Resources */ = {
			isa = PBXResourcesBuildPhase;
			buildActionMask = 2147483647;
			files = (
			);
			runOnlyForDeploymentPostprocessing = 0;
		};
/* End PBXResourcesBuildPhase section */

/* Begin PBXSourcesBuildPhase section */
		B28940531D5D08FC0001D6DD /* Sources */ = {
			isa = PBXSourcesBuildPhase;
			buildActionMask = 2147483647;
			files = (
				B289405D1D5D08FC0001D6DD /* ViewController.swift in Sources */,
				B289405B1D5D08FC0001D6DD /* AppDelegate.swift in Sources */,
			);
			runOnlyForDeploymentPostprocessing = 0;
		};
		B28940671D5D08FD0001D6DD /* Sources */ = {
			isa = PBXSourcesBuildPhase;
			buildActionMask = 2147483647;
			files = (
				B28940701D5D08FD0001D6DD /* FoodTrackerTests.swift in Sources */,
			);
			runOnlyForDeploymentPostprocessing = 0;
		};
/* End PBXSourcesBuildPhase section */

/* Begin PBXTargetDependency section */
		B289406D1D5D08FD0001D6DD /* PBXTargetDependency */ = {
			isa = PBXTargetDependency;
			target = B28940561D5D08FC0001D6DD /* FoodTracker */;
			targetProxy = B289406C1D5D08FD0001D6DD /* PBXContainerItemProxy */;
		};
/* End PBXTargetDependency section */

/* Begin PBXVariantGroup section */
		B289405E1D5D08FC0001D6DD /* Main.storyboard */ = {
			isa = PBXVariantGroup;
			children = (
				B289405F1D5D08FC0001D6DD /* Base */,
			);
			name = Main.storyboard;
			sourceTree = "<group>";
		};
		B28940631D5D08FC0001D6DD /* LaunchScreen.storyboard */ = {
			isa = PBXVariantGroup;
			children = (
				B28940641D5D08FC0001D6DD /* Base */,
			);
			name = LaunchScreen.storyboard;
			sourceTree = "<group>";
		};
/* End PBXVariantGroup section */

/* Begin XCBuildConfiguration section */
		B28940721D5D08FD0001D6DD /* Debug */ = {
			isa = XCBuildConfiguration;
			buildSettings = {
				ALWAYS_SEARCH_USER_PATHS = NO;
				CLANG_ANALYZER_NONNULL = YES;
				CLANG_CXX_LANGUAGE_STANDARD = "gnu++0x";
				CLANG_CXX_LIBRARY = "libc++";
				CLANG_ENABLE_MODULES = YES;
				CLANG_ENABLE_OBJC_ARC = YES;
				CLANG_WARN_BOOL_CONVERSION = YES;
				CLANG_WARN_CONSTANT_CONVERSION = YES;
				CLANG_WARN_DIRECT_OBJC_ISA_USAGE = YES_ERROR;
				CLANG_WARN_EMPTY_BODY = YES;
				CLANG_WARN_ENUM_CONVERSION = YES;
				CLANG_WARN_INT_CONVERSION = YES;
				CLANG_WARN_OBJC_ROOT_CLASS = YES_ERROR;
				CLANG_WARN_UNREACHABLE_CODE = YES;
				CLANG_WARN__DUPLICATE_METHOD_MATCH = YES;
				"CODE_SIGN_IDENTITY[sdk=iphoneos*]" = "iPhone Developer";
				COPY_PHASE_STRIP = NO;
				DEBUG_INFORMATION_FORMAT = dwarf;
				ENABLE_STRICT_OBJC_MSGSEND = YES;
				ENABLE_TESTABILITY = YES;
				GCC_C_LANGUAGE_STANDARD = gnu99;
				GCC_DYNAMIC_NO_PIC = NO;
				GCC_NO_COMMON_BLOCKS = YES;
				GCC_OPTIMIZATION_LEVEL = 0;
				GCC_PREPROCESSOR_DEFINITIONS = (
					"DEBUG=1",
					"$(inherited)",
				);
				GCC_WARN_64_TO_32_BIT_CONVERSION = YES;
				GCC_WARN_ABOUT_RETURN_TYPE = YES_ERROR;
				GCC_WARN_UNDECLARED_SELECTOR = YES;
				GCC_WARN_UNINITIALIZED_AUTOS = YES_AGGRESSIVE;
				GCC_WARN_UNUSED_FUNCTION = YES;
				GCC_WARN_UNUSED_VARIABLE = YES;
				IPHONEOS_DEPLOYMENT_TARGET = 9.3;
				MTL_ENABLE_DEBUG_INFO = YES;
				ONLY_ACTIVE_ARCH = YES;
				SDKROOT = iphoneos;
				SWIFT_OPTIMIZATION_LEVEL = "-Onone";
				TARGETED_DEVICE_FAMILY = "1,2";
			};
			name = Debug;
		};
		B28940731D5D08FD0001D6DD /* Release */ = {
			isa = XCBuildConfiguration;
			buildSettings = {
				ALWAYS_SEARCH_USER_PATHS = NO;
				CLANG_ANALYZER_NONNULL = YES;
				CLANG_CXX_LANGUAGE_STANDARD = "gnu++0x";
				CLANG_CXX_LIBRARY = "libc++";
				CLANG_ENABLE_MODULES = YES;
				CLANG_ENABLE_OBJC_ARC = YES;
				CLANG_WARN_BOOL_CONVERSION = YES;
				CLANG_WARN_CONSTANT_CONVERSION = YES;
				CLANG_WARN_DIRECT_OBJC_ISA_USAGE = YES_ERROR;
				CLANG_WARN_EMPTY_BODY = YES;
				CLANG_WARN_ENUM_CONVERSION = YES;
				CLANG_WARN_INT_CONVERSION = YES;
				CLANG_WARN_OBJC_ROOT_CLASS = YES_ERROR;
				CLANG_WARN_UNREACHABLE_CODE = YES;
				CLANG_WARN__DUPLICATE_METHOD_MATCH = YES;
				"CODE_SIGN_IDENTITY[sdk=iphoneos*]" = "iPhone Developer";
				COPY_PHASE_STRIP = NO;
				DEBUG_INFORMATION_FORMAT = "dwarf-with-dsym";
				ENABLE_NS_ASSERTIONS = NO;
				ENABLE_STRICT_OBJC_MSGSEND = YES;
				GCC_C_LANGUAGE_STANDARD = gnu99;
				GCC_NO_COMMON_BLOCKS = YES;
				GCC_WARN_64_TO_32_BIT_CONVERSION = YES;
				GCC_WARN_ABOUT_RETURN_TYPE = YES_ERROR;
				GCC_WARN_UNDECLARED_SELECTOR = YES;
				GCC_WARN_UNINITIALIZED_AUTOS = YES_AGGRESSIVE;
				GCC_WARN_UNUSED_FUNCTION = YES;
				GCC_WARN_UNUSED_VARIABLE = YES;
				IPHONEOS_DEPLOYMENT_TARGET = 9.3;
				MTL_ENABLE_DEBUG_INFO = NO;
				SDKROOT = iphoneos;
				TARGETED_DEVICE_FAMILY = "1,2";
				VALIDATE_PRODUCT = YES;
			};
			name = Release;
		};
		B28940751D5D08FD0001D6DD /* Debug */ = {
			isa = XCBuildConfiguration;
			buildSettings = {
				ASSETCATALOG_COMPILER_APPICON_NAME = AppIcon;
				INFOPLIST_FILE = FoodTracker/Info.plist;
				LD_RUNPATH_SEARCH_PATHS = "$(inherited) @executable_path/Frameworks";
				PRODUCT_BUNDLE_IDENTIFIER = pl.lukaszmarczak.FoodTracker;
				PRODUCT_NAME = "$(TARGET_NAME)";
			};
			name = Debug;
		};
		B28940761D5D08FD0001D6DD /* Release */ = {
			isa = XCBuildConfiguration;
			buildSettings = {
				ASSETCATALOG_COMPILER_APPICON_NAME = AppIcon;
				INFOPLIST_FILE = FoodTracker/Info.plist;
				LD_RUNPATH_SEARCH_PATHS = "$(inherited) @executable_path/Frameworks";
				PRODUCT_BUNDLE_IDENTIFIER = pl.lukaszmarczak.FoodTracker;
				PRODUCT_NAME = "$(TARGET_NAME)";
			};
			name = Release;
		};
		B28940781D5D08FD0001D6DD /* Debug */ = {
			isa = XCBuildConfiguration;
			buildSettings = {
				BUNDLE_LOADER = "$(TEST_HOST)";
				INFOPLIST_FILE = FoodTrackerTests/Info.plist;
				LD_RUNPATH_SEARCH_PATHS = "$(inherited) @executable_path/Frameworks @loader_path/Frameworks";
				PRODUCT_BUNDLE_IDENTIFIER = pl.lukaszmarczak.FoodTrackerTests;
				PRODUCT_NAME = "$(TARGET_NAME)";
				TEST_HOST = "$(BUILT_PRODUCTS_DIR)/FoodTracker.app/FoodTracker";
			};
			name = Debug;
		};
		B28940791D5D08FD0001D6DD /* Release */ = {
			isa = XCBuildConfiguration;
			buildSettings = {
				BUNDLE_LOADER = "$(TEST_HOST)";
				INFOPLIST_FILE = FoodTrackerTests/Info.plist;
				LD_RUNPATH_SEARCH_PATHS = "$(inherited) @executable_path/Frameworks @loader_path/Frameworks";
				PRODUCT_BUNDLE_IDENTIFIER = pl.lukaszmarczak.FoodTrackerTests;
				PRODUCT_NAME = "$(TARGET_NAME)";
				TEST_HOST = "$(BUILT_PRODUCTS_DIR)/FoodTracker.app/FoodTracker";
			};
			name = Release;
		};
/* End XCBuildConfiguration section */

/* Begin XCConfigurationList section */
		B28940521D5D08FC0001D6DD /* Build configuration list for PBXProject "FoodTracker" */ = {
			isa = XCConfigurationList;
			buildConfigurations = (
				B28940721D5D08FD0001D6DD /* Debug */,
				B28940731D5D08FD0001D6DD /* Release */,
			);
			defaultConfigurationIsVisible = 0;
			defaultConfigurationName = Release;
		};
		B28940741D5D08FD0001D6DD /* Build configuration list for PBXNativeTarget "FoodTracker" */ = {
			isa = XCConfigurationList;
			buildConfigurations = (
				B28940751D5D08FD0001D6DD /* Debug */,
				B28940761D5D08FD0001D6DD /* Release */,
			);
			defaultConfigurationIsVisible = 0;
		};
		B28940771D5D08FD0001D6DD /* Build configuration list for PBXNativeTarget "FoodTrackerTests" */ = {
			isa = XCConfigurationList;
			buildConfigurations = (
				B28940781D5D08FD0001D6DD /* Debug */,
				B28940791D5D08FD0001D6DD /* Release */,
			);
			defaultConfigurationIsVisible = 0;
		};
/* End XCConfigurationList section */
	};
	rootObject = B289404F1D5D08FC0001D6DD /* Project object */;
}
